github.com/unliar/utils v0.0.6 h1:u3cun7pNFEMgBWQQsxS0X2JSmaQQHWI8Ht0kPvXqWvo=
github.com/unliar/utils v0.0.6/go.mod h1:5Q0s9hwo2oo/pYHCrYFRy0XAg4fgRskgyE0lTkUAlDI=
github.com/unliar/utils v0.0.7 h1:FjIwENaCxWVw4Qm2UaHlyLlf5mJvqL3K0OxDAApEPZU=
github.com/unliar/utils v0.0.7/go.mod h1:5Q0s9hwo2oo/pYHCrYFRy0XAg4fgRskgyE0lTkUAlDI=
github.com/unliar/utils v0.0.8 h1:ven5BXSEuJx6q0HoIK8LuaX5hV7LBRqIi/KHe3t/pVo=
github.com/unliar/utils v0.0.8/go.mod h1:5Q0s9hwo2oo/pYHCrYFRy0XAg4fgRskgyE0lTkUAlDI=
